<?xml version="1.0" encoding="UTF-8" standalone="yes" ?>
<CodeBlocks_project_file>
	<FileVersion major="1" minor="6" />
	<Project>
		<Option title="UnnamedRPG" />
		<Option pch_mode="2" />
		<Option compiler="gcc" />
		<Build>
			<Target title="Debug">
				<Option output="bin/Debug/UnnamedRPG" prefix_auto="1" extension_auto="1" />
				<Option object_output="obj/Debug/" />
				<Option type="1" />
				<Option compiler="gcc" />
				<Compiler>
					<Add option="-std=c++11" />
					<Add option="-g" />
					<Add directory="C:/SFML-2.1/include" />
					<Add directory="C:/UnnamedRPG/include" />
				</Compiler>
				<Linker>
					<Add library="sfml-graphics" />
					<Add library="sfml-window" />
					<Add library="sfml-system" />
					<Add library="D:\UnnamedRPG\lib\libzdll.a" />
					<Add directory="C:/SFML-2.1/lib" />
				</Linker>
			</Target>
			<Target title="Release">
				<Option output="bin/Release/UnnamedRPG" prefix_auto="1" extension_auto="1" />
				<Option object_output="obj/Release/" />
				<Option type="1" />
				<Option compiler="gcc" />
				<Compiler>
					<Add option="-O2" />
				</Compiler>
				<Linker>
					<Add option="-s" />
				</Linker>
			</Target>
		</Build>
		<Compiler>
			<Add option="-std=c++11" />
			<Add option="-Wall" />
			<Add directory="D:/SFML-2.1/include" />
			<Add directory="D:/UnnamedRPG/include" />
		</Compiler>
		<Linker>
			<Add library="sfml-graphics" />
			<Add library="sfml-window" />
			<Add library="sfml-system" />
			<Add directory="D:/SFML-2.1/lib" />
		</Linker>
		<Unit filename="include/Application.hpp" />
		<Unit filename="include/ForEach.hpp" />
		<Unit filename="include/ResourceHolder.hpp" />
		<Unit filename="include/ResourceHolder.inl" />
		<Unit filename="include/ResourceIdentifiers.hpp" />
		<Unit filename="include/Utility.hpp" />
		<Unit filename="include/Utility.inl" />
		<Unit filename="include/gamestates/SplashState.hpp" />
		<Unit filename="include/gamestates/State.hpp" />
		<Unit filename="include/gamestates/StateIdentifiers.hpp" />
		<Unit filename="include/gamestates/StateStack.hpp" />
		<Unit filename="include/gamestates/TitleState.hpp" />
		<Unit filename="src/Application.cpp" />
		<Unit filename="src/Utility.cpp" />
		<Unit filename="src/gamestates/SplashState.cpp" />
		<Unit filename="src/gamestates/State.cpp" />
		<Unit filename="src/gamestates/StateStack.cpp" />
		<Unit filename="src/gamestates/TitleState.cpp" />
		<Unit filename="src/main.cpp" />
		<Extensions>
			<code_completion />
			<envvars />
			<debugger />
			<lib_finder disable_auto="1" />
		</Extensions>
	</Project>
</CodeBlocks_project_file>
